
Microsoft Visual Studio Solution File, Format Version 12.00
# Visual Studio Version 17
VisualStudioVersion = 17.10.35004.147
MinimumVisualStudioVersion = 10.0.40219.1
Project("{FAE04EC0-301F-11D3-BF4B-00C04F79EFBC}") = "DocchiApi", "DocchiApi\DocchiApi.csproj", "{34410677-999B-48A3-8FF4-BB96C560EE4E}"
EndProject
Global
	GlobalSection(SolutionConfigurationPlatforms) = preSolution
		Debug|Any CPU = Debug|Any CPU
		Release|Any CPU = Release|Any CPU
	EndGlobalSection
	GlobalSection(ProjectConfigurationPlatforms) = postSolution
		{34410677-999B-48A3-8FF4-BB96C560EE4E}.Debug|Any CPU.ActiveCfg = Debug|Any CPU
		{34410677-999B-48A3-8FF4-BB96C560EE4E}.Debug|Any CPU.Build.0 = Debug|Any CPU
		{34410677-999B-48A3-8FF4-BB96C560EE4E}.Release|Any CPU.ActiveCfg = Release|Any CPU
		{34410677-999B-48A3-8FF4-BB96C560EE4E}.Release|Any CPU.Build.0 = Release|Any CPU
	EndGlobalSection
	GlobalSection(SolutionProperties) = preSolution
		HideSolutionNode = FALSE
	EndGlobalSection
	GlobalSection(ExtensibilityGlobals) = postSolution
		SolutionGuid = {AF15D347-F1E4-4EDC-A520-473932BDABAD}
	EndGlobalSection
EndGlobal
